
Microsoft Visual Studio Solution File, Format Version 12.00
# Visual Studio Version 16
VisualStudioVersion = 16.0.29920.165
MinimumVisualStudioVersion = 10.0.40219.1
Project("{FAE04EC0-301F-11D3-BF4B-00C04F79EFBC}") = "ClipboardEx.Win32", "ClipboardEx.Win32\ClipboardEx.Win32.csproj", "{34A8B400-B983-46A3-934B-39C9829284A7}"
EndProject
Global
	GlobalSection(SolutionConfigurationPlatforms) = preSolution
		Debug|Any CPU = Debug|Any CPU
		Release|Any CPU = Release|Any CPU
	EndGlobalSection
	GlobalSection(ProjectConfigurationPlatforms) = postSolution
		{34A8B400-B983-46A3-934B-39C9829284A7}.Debug|Any CPU.ActiveCfg = Debug|Any CPU
		{34A8B400-B983-46A3-934B-39C9829284A7}.Debug|Any CPU.Build.0 = Debug|Any CPU
		{34A8B400-B983-46A3-934B-39C9829284A7}.Release|Any CPU.ActiveCfg = Release|Any CPU
		{34A8B400-B983-46A3-934B-39C9829284A7}.Release|Any CPU.Build.0 = Release|Any CPU
	EndGlobalSection
	GlobalSection(SolutionProperties) = preSolution
		HideSolutionNode = FALSE
	EndGlobalSection
	GlobalSection(ExtensibilityGlobals) = postSolution
		SolutionGuid = {4DDFBBD5-069F-41A4-92A9-7D85736FDBAB}
	EndGlobalSection
EndGlobal
